
Microsoft Visual Studio Solution File, Format Version 10.00
# Visual Studio 2008
Project("{8BC9CEB8-8B4A-11D0-8D11-00A0C91BC942}") = "QtSignalSlot", "QtSignalSlot\QtSignalSlot.vcproj", "{1C5D2ACF-76C7-458B-A8C4-6C550767AF40}"
EndProject
Global
	GlobalSection(SolutionConfigurationPlatforms) = preSolution
		Debug|Win32 = Debug|Win32
		Release|Win32 = Release|Win32
	EndGlobalSection
	GlobalSection(ProjectConfigurationPlatforms) = postSolution
		{1C5D2ACF-76C7-458B-A8C4-6C550767AF40}.Debug|Win32.ActiveCfg = Debug|Win32
		{1C5D2ACF-76C7-458B-A8C4-6C550767AF40}.Debug|Win32.Build.0 = Debug|Win32
		{1C5D2ACF-76C7-458B-A8C4-6C550767AF40}.Release|Win32.ActiveCfg = Release|Win32
		{1C5D2ACF-76C7-458B-A8C4-6C550767AF40}.Release|Win32.Build.0 = Release|Win32
	EndGlobalSection
	GlobalSection(SolutionProperties) = preSolution
		HideSolutionNode = FALSE
	EndGlobalSection
EndGlobal
